// !$*UTF8*$!
{
	archiveVersion = 1;
	classes = {
	};
	objectVersion = 50;
	objects = {

/* Begin PBXBuildFile section */
		372F8E1521CB873900414221 /* AppDelegate.m in Sources */ = {isa = PBXBuildFile; fileRef = 372F8E1421CB873900414221 /* AppDelegate.m */; };
		372F8E1821CB873900414221 /* ViewController.m in Sources */ = {isa = PBXBuildFile; fileRef = 372F8E1721CB873900414221 /* ViewController.m */; };
		372F8E1B21CB873900414221 /* Main.storyboard in Resources */ = {isa = PBXBuildFile; fileRef = 372F8E1921CB873900414221 /* Main.storyboard */; };
		372F8E1D21CB873A00414221 /* Assets.xcassets in Resources */ = {isa = PBXBuildFile; fileRef = 372F8E1C21CB873A00414221 /* Assets.xcassets */; };
		372F8E2021CB873A00414221 /* LaunchScreen.storyboard in Resources */ = {isa = PBXBuildFile; fileRef = 372F8E1E21CB873A00414221 /* LaunchScreen.storyboard */; };
		372F8E2321CB873A00414221 /* main.m in Sources */ = {isa = PBXBuildFile; fileRef = 372F8E2221CB873A00414221 /* main.m */; };
		372F8E2D21CB873A00414221 /* JRTestPasswordTests.m in Sources */ = {isa = PBXBuildFile; fileRef = 372F8E2C21CB873A00414221 /* JRTestPasswordTests.m */; };
		372F8E3821CB873A00414221 /* JRTestPasswordUITests.m in Sources */ = {isa = PBXBuildFile; fileRef = 372F8E3721CB873A00414221 /* JRTestPasswordUITests.m */; };
		372F8E8021CB875700414221 /* libcrypto.a in Frameworks */ = {isa = PBXBuildFile; fileRef = 372F8E4821CB875700414221 /* libcrypto.a */; };
		372F8E8121CB875700414221 /* libssl.a in Frameworks */ = {isa = PBXBuildFile; fileRef = 372F8E4921CB875700414221 /* libssl.a */; };
		372F8E8221CB875700414221 /* WBLNLogin.bundle in Resources */ = {isa = PBXBuildFile; fileRef = 372F8E4B21CB875700414221 /* WBLNLogin.bundle */; };
		372F8E8321CB875700414221 /* WBLNLoginFramework.framework in Frameworks */ = {isa = PBXBuildFile; fileRef = 372F8E4C21CB875700414221 /* WBLNLoginFramework.framework */; };
		372F8E8421CB875700414221 /* WeiboSDK.bundle in Resources */ = {isa = PBXBuildFile; fileRef = 372F8E4E21CB875700414221 /* WeiboSDK.bundle */; };
		372F8E8521CB875700414221 /* libWeiboSDK.a in Frameworks */ = {isa = PBXBuildFile; fileRef = 372F8E4F21CB875700414221 /* libWeiboSDK.a */; };
		372F8E8621CB875700414221 /* README.txt in Resources */ = {isa = PBXBuildFile; fileRef = 372F8E5521CB875700414221 /* README.txt */; };
		372F8E8721CB875700414221 /* libWeChatSDK.a in Frameworks */ = {isa = PBXBuildFile; fileRef = 372F8E5721CB875700414221 /* libWeChatSDK.a */; };
		372F8E8821CB875700414221 /* AlipaySDK.bundle in Resources */ = {isa = PBXBuildFile; fileRef = 372F8E5921CB875700414221 /* AlipaySDK.bundle */; };
		372F8E8921CB875700414221 /* AlipaySDK.framework in Frameworks */ = {isa = PBXBuildFile; fileRef = 372F8E5A21CB875700414221 /* AlipaySDK.framework */; };
		372F8E8A21CB875700414221 /* ISDCaptcha.framework in Frameworks */ = {isa = PBXBuildFile; fileRef = 372F8E5C21CB875700414221 /* ISDCaptcha.framework */; };
		372F8E8B21CB875700414221 /* ISDResource.bundle in Resources */ = {isa = PBXBuildFile; fileRef = 372F8E5D21CB875700414221 /* ISDResource.bundle */; };
		372F8E8C21CB875700414221 /* ISDCertificationSDK.framework in Frameworks */ = {isa = PBXBuildFile; fileRef = 372F8E5E21CB875700414221 /* ISDCertificationSDK.framework */; };
		372F8E8D21CB875700414221 /* ISDCaptchaResource.bundle in Resources */ = {isa = PBXBuildFile; fileRef = 372F8E5F21CB875700414221 /* ISDCaptchaResource.bundle */; };
		372F8E8E21CB875700414221 /* ZMCert.framework in Frameworks */ = {isa = PBXBuildFile; fileRef = 372F8E6121CB875700414221 /* ZMCert.framework */; };
		372F8E8F21CB875700414221 /* ZMCert.bundle in Resources */ = {isa = PBXBuildFile; fileRef = 372F8E6221CB875700414221 /* ZMCert.bundle */; };
		372F8E9021CB875700414221 /* YTIllumination.framework in Frameworks */ = {isa = PBXBuildFile; fileRef = 372F8E6421CB875700414221 /* YTIllumination.framework */; };
		372F8E9121CB875700414221 /* WBCloudReflectionFaceVerify.framework in Frameworks */ = {isa = PBXBuildFile; fileRef = 372F8E6521CB875700414221 /* WBCloudReflectionFaceVerify.framework */; };
		372F8E9221CB875700414221 /* rapidnet_ios.framework in Frameworks */ = {isa = PBXBuildFile; fileRef = 372F8E6621CB875700414221 /* rapidnet_ios.framework */; };
		372F8E9321CB875700414221 /* YTCommon.framework in Frameworks */ = {isa = PBXBuildFile; fileRef = 372F8E6721CB875700414221 /* YTCommon.framework */; };
		372F8E9421CB875700414221 /* ufa.bundle in Resources */ = {isa = PBXBuildFile; fileRef = 372F8E6821CB875700414221 /* ufa.bundle */; };
		372F8E9521CB875700414221 /* YTPoseDetector.framework in Frameworks */ = {isa = PBXBuildFile; fileRef = 372F8E6921CB875700414221 /* YTPoseDetector.framework */; };
		372F8E9621CB875800414221 /* faceLiveReflect.framework in Frameworks */ = {isa = PBXBuildFile; fileRef = 372F8E6A21CB875700414221 /* faceLiveReflect.framework */; };
		372F8E9721CB875800414221 /* detector.bundle in Resources */ = {isa = PBXBuildFile; fileRef = 372F8E6B21CB875700414221 /* detector.bundle */; };
		372F8E9821CB875800414221 /* YTTrackPro.framework in Frameworks */ = {isa = PBXBuildFile; fileRef = 372F8E6C21CB875700414221 /* YTTrackPro.framework */; };
		372F8E9921CB875800414221 /* PE.dat in Resources */ = {isa = PBXBuildFile; fileRef = 372F8E6D21CB875700414221 /* PE.dat */; };
		372F8E9A21CB875800414221 /* WBCloudReflectionFaceVerify.bundle in Resources */ = {isa = PBXBuildFile; fileRef = 372F8E6E21CB875700414221 /* WBCloudReflectionFaceVerify.bundle */; };
		372F8E9B21CB875800414221 /* NextCV.framework in Frameworks */ = {isa = PBXBuildFile; fileRef = 372F8E6F21CB875700414221 /* NextCV.framework */; };
		372F8E9C21CB875800414221 /* libPay58.a in Frameworks */ = {isa = PBXBuildFile; fileRef = 372F8E7121CB875700414221 /* libPay58.a */; };
		372F8E9D21CB875800414221 /* Pay58.bundle in Resources */ = {isa = PBXBuildFile; fileRef = 372F8E7421CB875700414221 /* Pay58.bundle */; };
		372F8E9E21CB875800414221 /* TencentOpenApi_IOS_Bundle.bundle in Resources */ = {isa = PBXBuildFile; fileRef = 372F8E7621CB875700414221 /* TencentOpenApi_IOS_Bundle.bundle */; };
		372F8E9F21CB875800414221 /* TencentOpenAPI.framework in Frameworks */ = {isa = PBXBuildFile; fileRef = 372F8E7721CB875700414221 /* TencentOpenAPI.framework */; };
		372F8EA021CB875800414221 /* TYRZSDK.framework in Frameworks */ = {isa = PBXBuildFile; fileRef = 372F8E7921CB875700414221 /* TYRZSDK.framework */; };
		372F8EA121CB875800414221 /* Resource.bundle in Resources */ = {isa = PBXBuildFile; fileRef = 372F8E7A21CB875700414221 /* Resource.bundle */; };
		372F8EA221CB875800414221 /* SafetyphoneSDK.framework in Frameworks */ = {isa = PBXBuildFile; fileRef = 372F8E7B21CB875700414221 /* SafetyphoneSDK.framework */; };
		372F8EA321CB875800414221 /* EAccountSDK.framework in Frameworks */ = {isa = PBXBuildFile; fileRef = 372F8E7C21CB875700414221 /* EAccountSDK.framework */; };
		372F8EA421CB875800414221 /* JRConfusionHHJPassportService.m in Sources */ = {isa = PBXBuildFile; fileRef = 372F8E7D21CB875700414221 /* JRConfusionHHJPassportService.m */; };
/* End PBXBuildFile section */

/* Begin PBXContainerItemProxy section */
		372F8E2921CB873A00414221 /* PBXContainerItemProxy */ = {
			isa = PBXContainerItemProxy;
			containerPortal = 372F8E0821CB873900414221 /* Project object */;
			proxyType = 1;
			remoteGlobalIDString = 372F8E0F21CB873900414221;
			remoteInfo = JRTestPassword;
		};
		372F8E3421CB873A00414221 /* PBXContainerItemProxy */ = {
			isa = PBXContainerItemProxy;
			containerPortal = 372F8E0821CB873900414221 /* Project object */;
			proxyType = 1;
			remoteGlobalIDString = 372F8E0F21CB873900414221;
			remoteInfo = JRTestPassword;
		};
/* End PBXContainerItemProxy section */

/* Begin PBXFileReference section */
		372F8E1021CB873900414221 /* JRTestPassword.app */ = {isa = PBXFileReference; explicitFileType = wrapper.application; includeInIndex = 0; path = JRTestPassword.app; sourceTree = BUILT_PRODUCTS_DIR; };
		372F8E1321CB873900414221 /* AppDelegate.h */ = {isa = PBXFileReference; lastKnownFileType = sourcecode.c.h; path = AppDelegate.h; sourceTree = "<group>"; };
		372F8E1421CB873900414221 /* AppDelegate.m */ = {isa = PBXFileReference; lastKnownFileType = sourcecode.c.objc; path = AppDelegate.m; sourceTree = "<group>"; };
		372F8E1621CB873900414221 /* ViewController.h */ = {isa = PBXFileReference; lastKnownFileType = sourcecode.c.h; path = ViewController.h; sourceTree = "<group>"; };
		372F8E1721CB873900414221 /* ViewController.m */ = {isa = PBXFileReference; lastKnownFileType = sourcecode.c.objc; path = ViewController.m; sourceTree = "<group>"; };
		372F8E1A21CB873900414221 /* Base */ = {isa = PBXFileReference; lastKnownFileType = file.storyboard; name = Base; path = Base.lproj/Main.storyboard; sourceTree = "<group>"; };
		372F8E1C21CB873A00414221 /* Assets.xcassets */ = {isa = PBXFileReference; lastKnownFileType = folder.assetcatalog; path = Assets.xcassets; sourceTree = "<group>"; };
		372F8E1F21CB873A00414221 /* Base */ = {isa = PBXFileReference; lastKnownFileType = file.storyboard; name = Base; path = Base.lproj/LaunchScreen.storyboard; sourceTree = "<group>"; };
		372F8E2121CB873A00414221 /* Info.plist */ = {isa = PBXFileReference; lastKnownFileType = text.plist.xml; path = Info.plist; sourceTree = "<group>"; };
		372F8E2221CB873A00414221 /* main.m */ = {isa = PBXFileReference; lastKnownFileType = sourcecode.c.objc; path = main.m; sourceTree = "<group>"; };
		372F8E2821CB873A00414221 /* JRTestPasswordTests.xctest */ = {isa = PBXFileReference; explicitFileType = wrapper.cfbundle; includeInIndex = 0; path = JRTestPasswordTests.xctest; sourceTree = BUILT_PRODUCTS_DIR; };
		372F8E2C21CB873A00414221 /* JRTestPasswordTests.m */ = {isa = PBXFileReference; lastKnownFileType = sourcecode.c.objc; path = JRTestPasswordTests.m; sourceTree = "<group>"; };
		372F8E2E21CB873A00414221 /* Info.plist */ = {isa = PBXFileReference; lastKnownFileType = text.plist.xml; path = Info.plist; sourceTree = "<group>"; };
		372F8E3321CB873A00414221 /* JRTestPasswordUITests.xctest */ = {isa = PBXFileReference; explicitFileType = wrapper.cfbundle; includeInIndex = 0; path = JRTestPasswordUITests.xctest; sourceTree = BUILT_PRODUCTS_DIR; };
		372F8E3721CB873A00414221 /* JRTestPasswordUITests.m */ = {isa = PBXFileReference; lastKnownFileType = sourcecode.c.objc; path = JRTestPasswordUITests.m; sourceTree = "<group>"; };
		372F8E3921CB873A00414221 /* Info.plist */ = {isa = PBXFileReference; lastKnownFileType = text.plist.xml; path = Info.plist; sourceTree = "<group>"; };
		372F8E4821CB875700414221 /* libcrypto.a */ = {isa = PBXFileReference; lastKnownFileType = archive.ar; path = libcrypto.a; sourceTree = "<group>"; };
		372F8E4921CB875700414221 /* libssl.a */ = {isa = PBXFileReference; lastKnownFileType = archive.ar; path = libssl.a; sourceTree = "<group>"; };
		372F8E4B21CB875700414221 /* WBLNLogin.bundle */ = {isa = PBXFileReference; lastKnownFileType = "wrapper.plug-in"; path = WBLNLogin.bundle; sourceTree = "<group>"; };
		372F8E4C21CB875700414221 /* WBLNLoginFramework.framework */ = {isa = PBXFileReference; lastKnownFileType = wrapper.framework; path = WBLNLoginFramework.framework; sourceTree = "<group>"; };
		372F8E4E21CB875700414221 /* WeiboSDK.bundle */ = {isa = PBXFileReference; lastKnownFileType = "wrapper.plug-in"; path = WeiboSDK.bundle; sourceTree = "<group>"; };
		372F8E4F21CB875700414221 /* libWeiboSDK.a */ = {isa = PBXFileReference; lastKnownFileType = archive.ar; path = libWeiboSDK.a; sourceTree = "<group>"; };
		372F8E5021CB875700414221 /* WBHttpRequest.h */ = {isa = PBXFileReference; fileEncoding = 4; lastKnownFileType = sourcecode.c.h; path = WBHttpRequest.h; sourceTree = "<group>"; };
		372F8E5121CB875700414221 /* WeiboSDK.h */ = {isa = PBXFileReference; fileEncoding = 4; lastKnownFileType = sourcecode.c.h; path = WeiboSDK.h; sourceTree = "<group>"; };
		372F8E5321CB875700414221 /* WXApi.h */ = {isa = PBXFileReference; fileEncoding = 4; lastKnownFileType = sourcecode.c.h; path = WXApi.h; sourceTree = "<group>"; };
		372F8E5421CB875700414221 /* WXApiObject.h */ = {isa = PBXFileReference; fileEncoding = 4; lastKnownFileType = sourcecode.c.h; path = WXApiObject.h; sourceTree = "<group>"; };
		372F8E5521CB875700414221 /* README.txt */ = {isa = PBXFileReference; fileEncoding = 4; lastKnownFileType = text; path = README.txt; sourceTree = "<group>"; };
		372F8E5621CB875700414221 /* WechatAuthSDK.h */ = {isa = PBXFileReference; fileEncoding = 4; lastKnownFileType = sourcecode.c.h; path = WechatAuthSDK.h; sourceTree = "<group>"; };
		372F8E5721CB875700414221 /* libWeChatSDK.a */ = {isa = PBXFileReference; lastKnownFileType = archive.ar; path = libWeChatSDK.a; sourceTree = "<group>"; };
		372F8E5921CB875700414221 /* AlipaySDK.bundle */ = {isa = PBXFileReference; lastKnownFileType = "wrapper.plug-in"; path = AlipaySDK.bundle; sourceTree = "<group>"; };
		372F8E5A21CB875700414221 /* AlipaySDK.framework */ = {isa = PBXFileReference; lastKnownFileType = wrapper.framework; path = AlipaySDK.framework; sourceTree = "<group>"; };
		372F8E5C21CB875700414221 /* ISDCaptcha.framework */ = {isa = PBXFileReference; lastKnownFileType = wrapper.framework; path = ISDCaptcha.framework; sourceTree = "<group>"; };
		372F8E5D21CB875700414221 /* ISDResource.bundle */ = {isa = PBXFileReference; lastKnownFileType = "wrapper.plug-in"; path = ISDResource.bundle; sourceTree = "<group>"; };
		372F8E5E21CB875700414221 /* ISDCertificationSDK.framework */ = {isa = PBXFileReference; lastKnownFileType = wrapper.framework; path = ISDCertificationSDK.framework; sourceTree = "<group>"; };
		372F8E5F21CB875700414221 /* ISDCaptchaResource.bundle */ = {isa = PBXFileReference; lastKnownFileType = "wrapper.plug-in"; path = ISDCaptchaResource.bundle; sourceTree = "<group>"; };
		372F8E6121CB875700414221 /* ZMCert.framework */ = {isa = PBXFileReference; lastKnownFileType = wrapper.framework; path = ZMCert.framework; sourceTree = "<group>"; };
		372F8E6221CB875700414221 /* ZMCert.bundle */ = {isa = PBXFileReference; lastKnownFileType = "wrapper.plug-in"; path = ZMCert.bundle; sourceTree = "<group>"; };
		372F8E6421CB875700414221 /* YTIllumination.framework */ = {isa = PBXFileReference; lastKnownFileType = wrapper.framework; path = YTIllumination.framework; sourceTree = "<group>"; };
		372F8E6521CB875700414221 /* WBCloudReflectionFaceVerify.framework */ = {isa = PBXFileReference; lastKnownFileType = wrapper.framework; path = WBCloudReflectionFaceVerify.framework; sourceTree = "<group>"; };
		372F8E6621CB875700414221 /* rapidnet_ios.framework */ = {isa = PBXFileReference; lastKnownFileType = wrapper.framework; path = rapidnet_ios.framework; sourceTree = "<group>"; };
		372F8E6721CB875700414221 /* YTCommon.framework */ = {isa = PBXFileReference; lastKnownFileType = wrapper.framework; path = YTCommon.framework; sourceTree = "<group>"; };
		372F8E6821CB875700414221 /* ufa.bundle */ = {isa = PBXFileReference; lastKnownFileType = "wrapper.plug-in"; path = ufa.bundle; sourceTree = "<group>"; };
		372F8E6921CB875700414221 /* YTPoseDetector.framework */ = {isa = PBXFileReference; lastKnownFileType = wrapper.framework; path = YTPoseDetector.framework; sourceTree = "<group>"; };
		372F8E6A21CB875700414221 /* faceLiveReflect.framework */ = {isa = PBXFileReference; lastKnownFileType = wrapper.framework; path = faceLiveReflect.framework; sourceTree = "<group>"; };
		372F8E6B21CB875700414221 /* detector.bundle */ = {isa = PBXFileReference; lastKnownFileType = "wrapper.plug-in"; path = detector.bundle; sourceTree = "<group>"; };
		372F8E6C21CB875700414221 /* YTTrackPro.framework */ = {isa = PBXFileReference; lastKnownFileType = wrapper.framework; path = YTTrackPro.framework; sourceTree = "<group>"; };
		372F8E6D21CB875700414221 /* PE.dat */ = {isa = PBXFileReference; lastKnownFileType = file; path = PE.dat; sourceTree = "<group>"; };
		372F8E6E21CB875700414221 /* WBCloudReflectionFaceVerify.bundle */ = {isa = PBXFileReference; lastKnownFileType = "wrapper.plug-in"; path = WBCloudReflectionFaceVerify.bundle; sourceTree = "<group>"; };
		372F8E6F21CB875700414221 /* NextCV.framework */ = {isa = PBXFileReference; lastKnownFileType = wrapper.framework; path = NextCV.framework; sourceTree = "<group>"; };
		372F8E7121CB875700414221 /* libPay58.a */ = {isa = PBXFileReference; lastKnownFileType = archive.ar; path = libPay58.a; sourceTree = "<group>"; };
		372F8E7221CB875700414221 /* Pay58.h */ = {isa = PBXFileReference; fileEncoding = 4; lastKnownFileType = sourcecode.c.h; path = Pay58.h; sourceTree = "<group>"; };
		372F8E7321CB875700414221 /* Pay58ClieckDefine.h */ = {isa = PBXFileReference; fileEncoding = 4; lastKnownFileType = sourcecode.c.h; path = Pay58ClieckDefine.h; sourceTree = "<group>"; };
		372F8E7421CB875700414221 /* Pay58.bundle */ = {isa = PBXFileReference; lastKnownFileType = "wrapper.plug-in"; path = Pay58.bundle; sourceTree = "<group>"; };
		372F8E7621CB875700414221 /* TencentOpenApi_IOS_Bundle.bundle */ = {isa = PBXFileReference; lastKnownFileType = "wrapper.plug-in"; path = TencentOpenApi_IOS_Bundle.bundle; sourceTree = "<group>"; };
		372F8E7721CB875700414221 /* TencentOpenAPI.framework */ = {isa = PBXFileReference; lastKnownFileType = wrapper.framework; path = TencentOpenAPI.framework; sourceTree = "<group>"; };
		372F8E7921CB875700414221 /* TYRZSDK.framework */ = {isa = PBXFileReference; lastKnownFileType = wrapper.framework; path = TYRZSDK.framework; sourceTree = "<group>"; };
		372F8E7A21CB875700414221 /* Resource.bundle */ = {isa = PBXFileReference; lastKnownFileType = "wrapper.plug-in"; path = Resource.bundle; sourceTree = "<group>"; };
		372F8E7B21CB875700414221 /* SafetyphoneSDK.framework */ = {isa = PBXFileReference; lastKnownFileType = wrapper.framework; path = SafetyphoneSDK.framework; sourceTree = "<group>"; };
		372F8E7C21CB875700414221 /* EAccountSDK.framework */ = {isa = PBXFileReference; lastKnownFileType = wrapper.framework; path = EAccountSDK.framework; sourceTree = "<group>"; };
		372F8E7D21CB875700414221 /* JRConfusionHHJPassportService.m */ = {isa = PBXFileReference; fileEncoding = 4; lastKnownFileType = sourcecode.c.objc; path = JRConfusionHHJPassportService.m; sourceTree = "<group>"; };
		372F8E7E21CB875700414221 /* 58tongcheng.entitlements */ = {isa = PBXFileReference; fileEncoding = 4; lastKnownFileType = text.plist.entitlements; path = 58tongcheng.entitlements; sourceTree = "<group>"; };
		372F8E7F21CB875700414221 /* JRConfusionHHJPassportService.h */ = {isa = PBXFileReference; fileEncoding = 4; lastKnownFileType = sourcecode.c.h; path = JRConfusionHHJPassportService.h; sourceTree = "<group>"; };
/* End PBXFileReference section */

/* Begin PBXFrameworksBuildPhase section */
		372F8E0D21CB873900414221 /* Frameworks */ = {
			isa = PBXFrameworksBuildPhase;
			buildActionMask = 2147483647;
			files = (
				372F8E9621CB875800414221 /* faceLiveReflect.framework in Frameworks */,
				372F8E8121CB875700414221 /* libssl.a in Frameworks */,
				372F8E8021CB875700414221 /* libcrypto.a in Frameworks */,
				372F8EA221CB875800414221 /* SafetyphoneSDK.framework in Frameworks */,
				372F8E9821CB875800414221 /* YTTrackPro.framework in Frameworks */,
				372F8EA021CB875800414221 /* TYRZSDK.framework in Frameworks */,
				372F8E9521CB875700414221 /* YTPoseDetector.framework in Frameworks */,
				372F8E8321CB875700414221 /* WBLNLoginFramework.framework in Frameworks */,
				372F8E8521CB875700414221 /* libWeiboSDK.a in Frameworks */,
				372F8E9021CB875700414221 /* YTIllumination.framework in Frameworks */,
				372F8E9F21CB875800414221 /* TencentOpenAPI.framework in Frameworks */,
				372F8E8721CB875700414221 /* libWeChatSDK.a in Frameworks */,
				372F8E9321CB875700414221 /* YTCommon.framework in Frameworks */,
				372F8E8921CB875700414221 /* AlipaySDK.framework in Frameworks */,
				372F8E9B21CB875800414221 /* NextCV.framework in Frameworks */,
				372F8E8A21CB875700414221 /* ISDCaptcha.framework in Frameworks */,
				372F8E8C21CB875700414221 /* ISDCertificationSDK.framework in Frameworks */,
				372F8EA321CB875800414221 /* EAccountSDK.framework in Frameworks */,
				372F8E9121CB875700414221 /* WBCloudReflectionFaceVerify.framework in Frameworks */,
				372F8E9C21CB875800414221 /* libPay58.a in Frameworks */,
				372F8E8E21CB875700414221 /* ZMCert.framework in Frameworks */,
				372F8E9221CB875700414221 /* rapidnet_ios.framework in Frameworks */,
			);
			runOnlyForDeploymentPostprocessing = 0;
		};
		372F8E2521CB873A00414221 /* Frameworks */ = {
			isa = PBXFrameworksBuildPhase;
			buildActionMask = 2147483647;
			files = (
			);
			runOnlyForDeploymentPostprocessing = 0;
		};
		372F8E3021CB873A00414221 /* Frameworks */ = {
			isa = PBXFrameworksBuildPhase;
			buildActionMask = 2147483647;
			files = (
			);
			runOnlyForDeploymentPostprocessing = 0;
		};
/* End PBXFrameworksBuildPhase section */

/* Begin PBXGroup section */
		372F8E0721CB873900414221 = {
			isa = PBXGroup;
			children = (
				372F8E1221CB873900414221 /* JRTestPassword */,
				372F8E2B21CB873A00414221 /* JRTestPasswordTests */,
				372F8E3621CB873A00414221 /* JRTestPasswordUITests */,
				372F8E1121CB873900414221 /* Products */,
			);
			sourceTree = "<group>";
		};
		372F8E1121CB873900414221 /* Products */ = {
			isa = PBXGroup;
			children = (
				372F8E1021CB873900414221 /* JRTestPassword.app */,
				372F8E2821CB873A00414221 /* JRTestPasswordTests.xctest */,
				372F8E3321CB873A00414221 /* JRTestPasswordUITests.xctest */,
			);
			name = Products;
			sourceTree = "<group>";
		};
		372F8E1221CB873900414221 /* JRTestPassword */ = {
			isa = PBXGroup;
			children = (
				372F8E1321CB873900414221 /* AppDelegate.h */,
				372F8E1421CB873900414221 /* AppDelegate.m */,
				372F8E1621CB873900414221 /* ViewController.h */,
				372F8E1721CB873900414221 /* ViewController.m */,
				372F8E4521CB875700414221 /* WBLoginSDK */,
				372F8E1921CB873900414221 /* Main.storyboard */,
				372F8E1C21CB873A00414221 /* Assets.xcassets */,
				372F8E1E21CB873A00414221 /* LaunchScreen.storyboard */,
				372F8E2121CB873A00414221 /* Info.plist */,
				372F8E2221CB873A00414221 /* main.m */,
			);
			path = JRTestPassword;
			sourceTree = "<group>";
		};
		372F8E2B21CB873A00414221 /* JRTestPasswordTests */ = {
			isa = PBXGroup;
			children = (
				372F8E2C21CB873A00414221 /* JRTestPasswordTests.m */,
				372F8E2E21CB873A00414221 /* Info.plist */,
			);
			path = JRTestPasswordTests;
			sourceTree = "<group>";
		};
		372F8E3621CB873A00414221 /* JRTestPasswordUITests */ = {
			isa = PBXGroup;
			children = (
				372F8E3721CB873A00414221 /* JRTestPasswordUITests.m */,
				372F8E3921CB873A00414221 /* Info.plist */,
			);
			path = JRTestPasswordUITests;
			sourceTree = "<group>";
		};
		372F8E4521CB875700414221 /* WBLoginSDK */ = {
			isa = PBXGroup;
			children = (
				372F8E4621CB875700414221 /* Dependence */,
				372F8E7D21CB875700414221 /* JRConfusionHHJPassportService.m */,
				372F8E7E21CB875700414221 /* 58tongcheng.entitlements */,
				372F8E7F21CB875700414221 /* JRConfusionHHJPassportService.h */,
			);
			path = WBLoginSDK;
			sourceTree = "<group>";
		};
		372F8E4621CB875700414221 /* Dependence */ = {
			isa = PBXGroup;
			children = (
				372F8E4721CB875700414221 /* SSL */,
				372F8E4A21CB875700414221 /* WBPassportSDK */,
				372F8E4D21CB875700414221 /* WeiboSDK */,
				372F8E5221CB875700414221 /* WeChatSDK */,
				372F8E5821CB875700414221 /* AliPay */,
				372F8E5B21CB875700414221 /* ISDSDK */,
				372F8E6021CB875700414221 /* ZMSDK */,
				372F8E6321CB875700414221 /* TencentSDK */,
				372F8E7021CB875700414221 /* Pay58 */,
				372F8E7521CB875700414221 /* QQSDK */,
				372F8E7821CB875700414221 /* GateWaySDK */,
			);
			path = Dependence;
			sourceTree = "<group>";
		};
		372F8E4721CB875700414221 /* SSL */ = {
			isa = PBXGroup;
			children = (
				372F8E4821CB875700414221 /* libcrypto.a */,
				372F8E4921CB875700414221 /* libssl.a */,
			);
			path = SSL;
			sourceTree = "<group>";
		};
		372F8E4A21CB875700414221 /* WBPassportSDK */ = {
			isa = PBXGroup;
			children = (
				372F8E4B21CB875700414221 /* WBLNLogin.bundle */,
				372F8E4C21CB875700414221 /* WBLNLoginFramework.framework */,
			);
			path = WBPassportSDK;
			sourceTree = "<group>";
		};
		372F8E4D21CB875700414221 /* WeiboSDK */ = {
			isa = PBXGroup;
			children = (
				372F8E4E21CB875700414221 /* WeiboSDK.bundle */,
				372F8E4F21CB875700414221 /* libWeiboSDK.a */,
				372F8E5021CB875700414221 /* WBHttpRequest.h */,
				372F8E5121CB875700414221 /* WeiboSDK.h */,
			);
			path = WeiboSDK;
			sourceTree = "<group>";
		};
		372F8E5221CB875700414221 /* WeChatSDK */ = {
			isa = PBXGroup;
			children = (
				372F8E5321CB875700414221 /* WXApi.h */,
				372F8E5421CB875700414221 /* WXApiObject.h */,
				372F8E5521CB875700414221 /* README.txt */,
				372F8E5621CB875700414221 /* WechatAuthSDK.h */,
				372F8E5721CB875700414221 /* libWeChatSDK.a */,
			);
			path = WeChatSDK;
			sourceTree = "<group>";
		};
		372F8E5821CB875700414221 /* AliPay */ = {
			isa = PBXGroup;
			children = (
				372F8E5921CB875700414221 /* AlipaySDK.bundle */,
				372F8E5A21CB875700414221 /* AlipaySDK.framework */,
			);
			path = AliPay;
			sourceTree = "<group>";
		};
		372F8E5B21CB875700414221 /* ISDSDK */ = {
			isa = PBXGroup;
			children = (
				372F8E5C21CB875700414221 /* ISDCaptcha.framework */,
				372F8E5D21CB875700414221 /* ISDResource.bundle */,
				372F8E5E21CB875700414221 /* ISDCertificationSDK.framework */,
				372F8E5F21CB875700414221 /* ISDCaptchaResource.bundle */,
			);
			path = ISDSDK;
			sourceTree = "<group>";
		};
		372F8E6021CB875700414221 /* ZMSDK */ = {
			isa = PBXGroup;
			children = (
				372F8E6121CB875700414221 /* ZMCert.framework */,
				372F8E6221CB875700414221 /* ZMCert.bundle */,
			);
			path = ZMSDK;
			sourceTree = "<group>";
		};
		372F8E6321CB875700414221 /* TencentSDK */ = {
			isa = PBXGroup;
			children = (
				372F8E6421CB875700414221 /* YTIllumination.framework */,
				372F8E6521CB875700414221 /* WBCloudReflectionFaceVerify.framework */,
				372F8E6621CB875700414221 /* rapidnet_ios.framework */,
				372F8E6721CB875700414221 /* YTCommon.framework */,
				372F8E6821CB875700414221 /* ufa.bundle */,
				372F8E6921CB875700414221 /* YTPoseDetector.framework */,
				372F8E6A21CB875700414221 /* faceLiveReflect.framework */,
				372F8E6B21CB875700414221 /* detector.bundle */,
				372F8E6C21CB875700414221 /* YTTrackPro.framework */,
				372F8E6D21CB875700414221 /* PE.dat */,
				372F8E6E21CB875700414221 /* WBCloudReflectionFaceVerify.bundle */,
				372F8E6F21CB875700414221 /* NextCV.framework */,
			);
			path = TencentSDK;
			sourceTree = "<group>";
		};
		372F8E7021CB875700414221 /* Pay58 */ = {
			isa = PBXGroup;
			children = (
				372F8E7121CB875700414221 /* libPay58.a */,
				372F8E7221CB875700414221 /* Pay58.h */,
				372F8E7321CB875700414221 /* Pay58ClieckDefine.h */,
				372F8E7421CB875700414221 /* Pay58.bundle */,
			);
			path = Pay58;
			sourceTree = "<group>";
		};
		372F8E7521CB875700414221 /* QQSDK */ = {
			isa = PBXGroup;
			children = (
				372F8E7621CB875700414221 /* TencentOpenApi_IOS_Bundle.bundle */,
				372F8E7721CB875700414221 /* TencentOpenAPI.framework */,
			);
			path = QQSDK;
			sourceTree = "<group>";
		};
		372F8E7821CB875700414221 /* GateWaySDK */ = {
			isa = PBXGroup;
			children = (
				372F8E7921CB875700414221 /* TYRZSDK.framework */,
				372F8E7A21CB875700414221 /* Resource.bundle */,
				372F8E7B21CB875700414221 /* SafetyphoneSDK.framework */,
				372F8E7C21CB875700414221 /* EAccountSDK.framework */,
			);
			path = GateWaySDK;
			sourceTree = "<group>";
		};
/* End PBXGroup section */

/* Begin PBXNativeTarget section */
		372F8E0F21CB873900414221 /* JRTestPassword */ = {
			isa = PBXNativeTarget;
			buildConfigurationList = 372F8E3C21CB873A00414221 /* Build configuration list for PBXNativeTarget "JRTestPassword" */;
			buildPhases = (
				372F8E0C21CB873900414221 /* Sources */,
				372F8E0D21CB873900414221 /* Frameworks */,
				372F8E0E21CB873900414221 /* Resources */,
			);
			buildRules = (
			);
			dependencies = (
			);
			name = JRTestPassword;
			productName = JRTestPassword;
			productReference = 372F8E1021CB873900414221 /* JRTestPassword.app */;
			productType = "com.apple.product-type.application";
		};
		372F8E2721CB873A00414221 /* JRTestPasswordTests */ = {
			isa = PBXNativeTarget;
			buildConfigurationList = 372F8E3F21CB873A00414221 /* Build configuration list for PBXNativeTarget "JRTestPasswordTests" */;
			buildPhases = (
				372F8E2421CB873A00414221 /* Sources */,
				372F8E2521CB873A00414221 /* Frameworks */,
				372F8E2621CB873A00414221 /* Resources */,
			);
			buildRules = (
			);
			dependencies = (
				372F8E2A21CB873A00414221 /* PBXTargetDependency */,
			);
			name = JRTestPasswordTests;
			productName = JRTestPasswordTests;
			productReference = 372F8E2821CB873A00414221 /* JRTestPasswordTests.xctest */;
			productType = "com.apple.product-type.bundle.unit-test";
		};
		372F8E3221CB873A00414221 /* JRTestPasswordUITests */ = {
			isa = PBXNativeTarget;
			buildConfigurationList = 372F8E4221CB873A00414221 /* Build configuration list for PBXNativeTarget "JRTestPasswordUITests" */;
			buildPhases = (
				372F8E2F21CB873A00414221 /* Sources */,
				372F8E3021CB873A00414221 /* Frameworks */,
				372F8E3121CB873A00414221 /* Resources */,
			);
			buildRules = (
			);
			dependencies = (
				372F8E3521CB873A00414221 /* PBXTargetDependency */,
			);
			name = JRTestPasswordUITests;
			productName = JRTestPasswordUITests;
			productReference = 372F8E3321CB873A00414221 /* JRTestPasswordUITests.xctest */;
			productType = "com.apple.product-type.bundle.ui-testing";
		};
/* End PBXNativeTarget section */

/* Begin PBXProject section */
		372F8E0821CB873900414221 /* Project object */ = {
			isa = PBXProject;
			attributes = {
				LastUpgradeCheck = 1010;
				ORGANIZATIONNAME = 58;
				TargetAttributes = {
					372F8E0F21CB873900414221 = {
						CreatedOnToolsVersion = 10.1;
					};
					372F8E2721CB873A00414221 = {
						CreatedOnToolsVersion = 10.1;
						TestTargetID = 372F8E0F21CB873900414221;
					};
					372F8E3221CB873A00414221 = {
						CreatedOnToolsVersion = 10.1;
						TestTargetID = 372F8E0F21CB873900414221;
					};
				};
			};
			buildConfigurationList = 372F8E0B21CB873900414221 /* Build configuration list for PBXProject "JRTestPassword" */;
			compatibilityVersion = "Xcode 9.3";
			developmentRegion = en;
			hasScannedForEncodings = 0;
			knownRegions = (
				en,
				Base,
			);
			mainGroup = 372F8E0721CB873900414221;
			productRefGroup = 372F8E1121CB873900414221 /* Products */;
			projectDirPath = "";
			projectRoot = "";
			targets = (
				372F8E0F21CB873900414221 /* JRTestPassword */,
				372F8E2721CB873A00414221 /* JRTestPasswordTests */,
				372F8E3221CB873A00414221 /* JRTestPasswordUITests */,
			);
		};
/* End PBXProject section */

/* Begin PBXResourcesBuildPhase section */
		372F8E0E21CB873900414221 /* Resources */ = {
			isa = PBXResourcesBuildPhase;
			buildActionMask = 2147483647;
			files = (
				372F8E9E21CB875800414221 /* TencentOpenApi_IOS_Bundle.bundle in Resources */,
				372F8E9921CB875800414221 /* PE.dat in Resources */,
				372F8E9D21CB875800414221 /* Pay58.bundle in Resources */,
				372F8E9A21CB875800414221 /* WBCloudReflectionFaceVerify.bundle in Resources */,
				372F8E9421CB875700414221 /* ufa.bundle in Resources */,
				372F8E9721CB875800414221 /* detector.bundle in Resources */,
				372F8E8221CB875700414221 /* WBLNLogin.bundle in Resources */,
				372F8E2021CB873A00414221 /* LaunchScreen.storyboard in Resources */,
				372F8E8F21CB875700414221 /* ZMCert.bundle in Resources */,
				372F8E8B21CB875700414221 /* ISDResource.bundle in Resources */,
				372F8E8821CB875700414221 /* AlipaySDK.bundle in Resources */,
				372F8E8421CB875700414221 /* WeiboSDK.bundle in Resources */,
				372F8E1D21CB873A00414221 /* Assets.xcassets in Resources */,
				372F8EA121CB875800414221 /* Resource.bundle in Resources */,
				372F8E8D21CB875700414221 /* ISDCaptchaResource.bundle in Resources */,
				372F8E8621CB875700414221 /* README.txt in Resources */,
				372F8E1B21CB873900414221 /* Main.storyboard in Resources */,
			);
			runOnlyForDeploymentPostprocessing = 0;
		};
		372F8E2621CB873A00414221 /* Resources */ = {
			isa = PBXResourcesBuildPhase;
			buildActionMask = 2147483647;
			files = (
			);
			runOnlyForDeploymentPostprocessing = 0;
		};
		372F8E3121CB873A00414221 /* Resources */ = {
			isa = PBXResourcesBuildPhase;
			buildActionMask = 2147483647;
			files = (
			);
			runOnlyForDeploymentPostprocessing = 0;
		};
/* End PBXResourcesBuildPhase section */

/* Begin PBXSourcesBuildPhase section */
		372F8E0C21CB873900414221 /* Sources */ = {
			isa = PBXSourcesBuildPhase;
			buildActionMask = 2147483647;
			files = (
				372F8E1821CB873900414221 /* ViewController.m in Sources */,
				372F8EA421CB875800414221 /* JRConfusionHHJPassportService.m in Sources */,
				372F8E2321CB873A00414221 /* main.m in Sources */,
				372F8E1521CB873900414221 /* AppDelegate.m in Sources */,
			);
			runOnlyForDeploymentPostprocessing = 0;
		};
		372F8E2421CB873A00414221 /* Sources */ = {
			isa = PBXSourcesBuildPhase;
			buildActionMask = 2147483647;
			files = (
				372F8E2D21CB873A00414221 /* JRTestPasswordTests.m in Sources */,
			);
			runOnlyForDeploymentPostprocessing = 0;
		};
		372F8E2F21CB873A00414221 /* Sources */ = {
			isa = PBXSourcesBuildPhase;
			buildActionMask = 2147483647;
			files = (
				372F8E3821CB873A00414221 /* JRTestPasswordUITests.m in Sources */,
			);
			runOnlyForDeploymentPostprocessing = 0;
		};
/* End PBXSourcesBuildPhase section */

/* Begin PBXTargetDependency section */
		372F8E2A21CB873A00414221 /* PBXTargetDependency */ = {
			isa = PBXTargetDependency;
			target = 372F8E0F21CB873900414221 /* JRTestPassword */;
			targetProxy = 372F8E2921CB873A00414221 /* PBXContainerItemProxy */;
		};
		372F8E3521CB873A00414221 /* PBXTargetDependency */ = {
			isa = PBXTargetDependency;
			target = 372F8E0F21CB873900414221 /* JRTestPassword */;
			targetProxy = 372F8E3421CB873A00414221 /* PBXContainerItemProxy */;
		};
/* End PBXTargetDependency section */

/* Begin PBXVariantGroup section */
		372F8E1921CB873900414221 /* Main.storyboard */ = {
			isa = PBXVariantGroup;
			children = (
				372F8E1A21CB873900414221 /* Base */,
			);
			name = Main.storyboard;
			sourceTree = "<group>";
		};
		372F8E1E21CB873A00414221 /* LaunchScreen.storyboard */ = {
			isa = PBXVariantGroup;
			children = (
				372F8E1F21CB873A00414221 /* Base */,
			);
			name = LaunchScreen.storyboard;
			sourceTree = "<group>";
		};
/* End PBXVariantGroup section */

/* Begin XCBuildConfiguration section */
		372F8E3A21CB873A00414221 /* Debug */ = {
			isa = XCBuildConfiguration;
			buildSettings = {
				ALWAYS_SEARCH_USER_PATHS = NO;
				CLANG_ANALYZER_NONNULL = YES;
				CLANG_ANALYZER_NUMBER_OBJECT_CONVERSION = YES_AGGRESSIVE;
				CLANG_CXX_LANGUAGE_STANDARD = "gnu++14";
				CLANG_CXX_LIBRARY = "libc++";
				CLANG_ENABLE_MODULES = YES;
				CLANG_ENABLE_OBJC_ARC = YES;
				CLANG_ENABLE_OBJC_WEAK = YES;
				CLANG_WARN_BLOCK_CAPTURE_AUTORELEASING = YES;
				CLANG_WARN_BOOL_CONVERSION = YES;
				CLANG_WARN_COMMA = YES;
				CLANG_WARN_CONSTANT_CONVERSION = YES;
				CLANG_WARN_DEPRECATED_OBJC_IMPLEMENTATIONS = YES;
				CLANG_WARN_DIRECT_OBJC_ISA_USAGE = YES_ERROR;
				CLANG_WARN_DOCUMENTATION_COMMENTS = YES;
				CLANG_WARN_EMPTY_BODY = YES;
				CLANG_WARN_ENUM_CONVERSION = YES;
				CLANG_WARN_INFINITE_RECURSION = YES;
				CLANG_WARN_INT_CONVERSION = YES;
				CLANG_WARN_NON_LITERAL_NULL_CONVERSION = YES;
				CLANG_WARN_OBJC_IMPLICIT_RETAIN_SELF = YES;
				CLANG_WARN_OBJC_LITERAL_CONVERSION = YES;
				CLANG_WARN_OBJC_ROOT_CLASS = YES_ERROR;
				CLANG_WARN_RANGE_LOOP_ANALYSIS = YES;
				CLANG_WARN_STRICT_PROTOTYPES = YES;
				CLANG_WARN_SUSPICIOUS_MOVE = YES;
				CLANG_WARN_UNGUARDED_AVAILABILITY = YES_AGGRESSIVE;
				CLANG_WARN_UNREACHABLE_CODE = YES;
				CLANG_WARN__DUPLICATE_METHOD_MATCH = YES;
				CODE_SIGN_IDENTITY = "iPhone Developer";
				COPY_PHASE_STRIP = NO;
				DEBUG_INFORMATION_FORMAT = dwarf;
				ENABLE_STRICT_OBJC_MSGSEND = YES;
				ENABLE_TESTABILITY = YES;
				GCC_C_LANGUAGE_STANDARD = gnu11;
				GCC_DYNAMIC_NO_PIC = NO;
				GCC_NO_COMMON_BLOCKS = YES;
				GCC_OPTIMIZATION_LEVEL = 0;
				GCC_PREPROCESSOR_DEFINITIONS = (
					"DEBUG=1",
					"$(inherited)",
				);
				GCC_WARN_64_TO_32_BIT_CONVERSION = YES;
				GCC_WARN_ABOUT_RETURN_TYPE = YES_ERROR;
				GCC_WARN_UNDECLARED_SELECTOR = YES;
				GCC_WARN_UNINITIALIZED_AUTOS = YES_AGGRESSIVE;
				GCC_WARN_UNUSED_FUNCTION = YES;
				GCC_WARN_UNUSED_VARIABLE = YES;
				IPHONEOS_DEPLOYMENT_TARGET = 12.1;
				MTL_ENABLE_DEBUG_INFO = INCLUDE_SOURCE;
				MTL_FAST_MATH = YES;
				ONLY_ACTIVE_ARCH = YES;
				SDKROOT = iphoneos;
			};
			name = Debug;
		};
		372F8E3B21CB873A00414221 /* Release */ = {
			isa = XCBuildConfiguration;
			buildSettings = {
				ALWAYS_SEARCH_USER_PATHS = NO;
				CLANG_ANALYZER_NONNULL = YES;
				CLANG_ANALYZER_NUMBER_OBJECT_CONVERSION = YES_AGGRESSIVE;
				CLANG_CXX_LANGUAGE_STANDARD = "gnu++14";
				CLANG_CXX_LIBRARY = "libc++";
				CLANG_ENABLE_MODULES = YES;
				CLANG_ENABLE_OBJC_ARC = YES;
				CLANG_ENABLE_OBJC_WEAK = YES;
				CLANG_WARN_BLOCK_CAPTURE_AUTORELEASING = YES;
				CLANG_WARN_BOOL_CONVERSION = YES;
				CLANG_WARN_COMMA = YES;
				CLANG_WARN_CONSTANT_CONVERSION = YES;
				CLANG_WARN_DEPRECATED_OBJC_IMPLEMENTATIONS = YES;
				CLANG_WARN_DIRECT_OBJC_ISA_USAGE = YES_ERROR;
				CLANG_WARN_DOCUMENTATION_COMMENTS = YES;
				CLANG_WARN_EMPTY_BODY = YES;
				CLANG_WARN_ENUM_CONVERSION = YES;
				CLANG_WARN_INFINITE_RECURSION = YES;
				CLANG_WARN_INT_CONVERSION = YES;
				CLANG_WARN_NON_LITERAL_NULL_CONVERSION = YES;
				CLANG_WARN_OBJC_IMPLICIT_RETAIN_SELF = YES;
				CLANG_WARN_OBJC_LITERAL_CONVERSION = YES;
				CLANG_WARN_OBJC_ROOT_CLASS = YES_ERROR;
				CLANG_WARN_RANGE_LOOP_ANALYSIS = YES;
				CLANG_WARN_STRICT_PROTOTYPES = YES;
				CLANG_WARN_SUSPICIOUS_MOVE = YES;
				CLANG_WARN_UNGUARDED_AVAILABILITY = YES_AGGRESSIVE;
				CLANG_WARN_UNREACHABLE_CODE = YES;
				CLANG_WARN__DUPLICATE_METHOD_MATCH = YES;
				CODE_SIGN_IDENTITY = "iPhone Developer";
				COPY_PHASE_STRIP = NO;
				DEBUG_INFORMATION_FORMAT = "dwarf-with-dsym";
				ENABLE_NS_ASSERTIONS = NO;
				ENABLE_STRICT_OBJC_MSGSEND = YES;
				GCC_C_LANGUAGE_STANDARD = gnu11;
				GCC_NO_COMMON_BLOCKS = YES;
				GCC_WARN_64_TO_32_BIT_CONVERSION = YES;
				GCC_WARN_ABOUT_RETURN_TYPE = YES_ERROR;
				GCC_WARN_UNDECLARED_SELECTOR = YES;
				GCC_WARN_UNINITIALIZED_AUTOS = YES_AGGRESSIVE;
				GCC_WARN_UNUSED_FUNCTION = YES;
				GCC_WARN_UNUSED_VARIABLE = YES;
				IPHONEOS_DEPLOYMENT_TARGET = 12.1;
				MTL_ENABLE_DEBUG_INFO = NO;
				MTL_FAST_MATH = YES;
				SDKROOT = iphoneos;
				VALIDATE_PRODUCT = YES;
			};
			name = Release;
		};
		372F8E3D21CB873A00414221 /* Debug */ = {
			isa = XCBuildConfiguration;
			buildSettings = {
				ASSETCATALOG_COMPILER_APPICON_NAME = AppIcon;
				CODE_SIGN_STYLE = Automatic;
				DEVELOPMENT_TEAM = 2HTTP44QH5;
				FRAMEWORK_SEARCH_PATHS = (
					"$(inherited)",
					"$(PROJECT_DIR)/JRTestPassword/WBLoginSDK/Dependence/WBPassportSDK",
					"$(PROJECT_DIR)/JRTestPassword/WBLoginSDK/Dependence/AliPay",
					"$(PROJECT_DIR)/JRTestPassword/WBLoginSDK/Dependence/ISDSDK",
					"$(PROJECT_DIR)/JRTestPassword/WBLoginSDK/Dependence/ZMSDK",
					"$(PROJECT_DIR)/JRTestPassword/WBLoginSDK/Dependence/TencentSDK",
					"$(PROJECT_DIR)/JRTestPassword/WBLoginSDK/Dependence/QQSDK",
					"$(PROJECT_DIR)/JRTestPassword/WBLoginSDK/Dependence/GateWaySDK",
				);
				INFOPLIST_FILE = JRTestPassword/Info.plist;
				LD_RUNPATH_SEARCH_PATHS = (
					"$(inherited)",
					"@executable_path/Frameworks",
				);
				LIBRARY_SEARCH_PATHS = (
					"$(inherited)",
					"$(PROJECT_DIR)/JRTestPassword/WBLoginSDK/Dependence/SSL",
					"$(PROJECT_DIR)/JRTestPassword/WBLoginSDK/Dependence/WeiboSDK",
					"$(PROJECT_DIR)/JRTestPassword/WBLoginSDK/Dependence/WeChatSDK",
					"$(PROJECT_DIR)/JRTestPassword/WBLoginSDK/Dependence/Pay58",
				);
				PRODUCT_BUNDLE_IDENTIFIER = com.58.JRTestPassword;
				PRODUCT_NAME = "$(TARGET_NAME)";
				TARGETED_DEVICE_FAMILY = "1,2";
			};
			name = Debug;
		};
		372F8E3E21CB873A00414221 /* Release */ = {
			isa = XCBuildConfiguration;
			buildSettings = {
				ASSETCATALOG_COMPILER_APPICON_NAME = AppIcon;
				CODE_SIGN_STYLE = Automatic;
				DEVELOPMENT_TEAM = 2HTTP44QH5;
				FRAMEWORK_SEARCH_PATHS = (
					"$(inherited)",
					"$(PROJECT_DIR)/JRTestPassword/WBLoginSDK/Dependence/WBPassportSDK",
					"$(PROJECT_DIR)/JRTestPassword/WBLoginSDK/Dependence/AliPay",
					"$(PROJECT_DIR)/JRTestPassword/WBLoginSDK/Dependence/ISDSDK",
					"$(PROJECT_DIR)/JRTestPassword/WBLoginSDK/Dependence/ZMSDK",
					"$(PROJECT_DIR)/JRTestPassword/WBLoginSDK/Dependence/TencentSDK",
					"$(PROJECT_DIR)/JRTestPassword/WBLoginSDK/Dependence/QQSDK",
					"$(PROJECT_DIR)/JRTestPassword/WBLoginSDK/Dependence/GateWaySDK",
				);
				INFOPLIST_FILE = JRTestPassword/Info.plist;
				LD_RUNPATH_SEARCH_PATHS = (
					"$(inherited)",
					"@executable_path/Frameworks",
				);
				LIBRARY_SEARCH_PATHS = (
					"$(inherited)",
					"$(PROJECT_DIR)/JRTestPassword/WBLoginSDK/Dependence/SSL",
					"$(PROJECT_DIR)/JRTestPassword/WBLoginSDK/Dependence/WeiboSDK",
					"$(PROJECT_DIR)/JRTestPassword/WBLoginSDK/Dependence/WeChatSDK",
					"$(PROJECT_DIR)/JRTestPassword/WBLoginSDK/Dependence/Pay58",
				);
				PRODUCT_BUNDLE_IDENTIFIER = com.58.JRTestPassword;
				PRODUCT_NAME = "$(TARGET_NAME)";
				TARGETED_DEVICE_FAMILY = "1,2";
			};
			name = Release;
		};
		372F8E4021CB873A00414221 /* Debug */ = {
			isa = XCBuildConfiguration;
			buildSettings = {
				BUNDLE_LOADER = "$(TEST_HOST)";
				CODE_SIGN_STYLE = Automatic;
				DEVELOPMENT_TEAM = 2HTTP44QH5;
				INFOPLIST_FILE = JRTestPasswordTests/Info.plist;
				LD_RUNPATH_SEARCH_PATHS = (
					"$(inherited)",
					"@executable_path/Frameworks",
					"@loader_path/Frameworks",
				);
				PRODUCT_BUNDLE_IDENTIFIER = com.58.JRTestPasswordTests;
				PRODUCT_NAME = "$(TARGET_NAME)";
				TARGETED_DEVICE_FAMILY = "1,2";
				TEST_HOST = "$(BUILT_PRODUCTS_DIR)/JRTestPassword.app/JRTestPassword";
			};
			name = Debug;
		};
		372F8E4121CB873A00414221 /* Release */ = {
			isa = XCBuildConfiguration;
			buildSettings = {
				BUNDLE_LOADER = "$(TEST_HOST)";
				CODE_SIGN_STYLE = Automatic;
				DEVELOPMENT_TEAM = 2HTTP44QH5;
				INFOPLIST_FILE = JRTestPasswordTests/Info.plist;
				LD_RUNPATH_SEARCH_PATHS = (
					"$(inherited)",
					"@executable_path/Frameworks",
					"@loader_path/Frameworks",
				);
				PRODUCT_BUNDLE_IDENTIFIER = com.58.JRTestPasswordTests;
				PRODUCT_NAME = "$(TARGET_NAME)";
				TARGETED_DEVICE_FAMILY = "1,2";
				TEST_HOST = "$(BUILT_PRODUCTS_DIR)/JRTestPassword.app/JRTestPassword";
			};
			name = Release;
		};
		372F8E4321CB873A00414221 /* Debug */ = {
			isa = XCBuildConfiguration;
			buildSettings = {
				CODE_SIGN_STYLE = Automatic;
				DEVELOPMENT_TEAM = 2HTTP44QH5;
				INFOPLIST_FILE = JRTestPasswordUITests/Info.plist;
				LD_RUNPATH_SEARCH_PATHS = (
					"$(inherited)",
					"@executable_path/Frameworks",
					"@loader_path/Frameworks",
				);
				PRODUCT_BUNDLE_IDENTIFIER = com.58.JRTestPasswordUITests;
				PRODUCT_NAME = "$(TARGET_NAME)";
				TARGETED_DEVICE_FAMILY = "1,2";
				TEST_TARGET_NAME = JRTestPassword;
			};
			name = Debug;
		};
		372F8E4421CB873A00414221 /* Release */ = {
			isa = XCBuildConfiguration;
			buildSettings = {
				CODE_SIGN_STYLE = Automatic;
				DEVELOPMENT_TEAM = 2HTTP44QH5;
				INFOPLIST_FILE = JRTestPasswordUITests/Info.plist;
				LD_RUNPATH_SEARCH_PATHS = (
					"$(inherited)",
					"@executable_path/Frameworks",
					"@loader_path/Frameworks",
				);
				PRODUCT_BUNDLE_IDENTIFIER = com.58.JRTestPasswordUITests;
				PRODUCT_NAME = "$(TARGET_NAME)";
				TARGETED_DEVICE_FAMILY = "1,2";
				TEST_TARGET_NAME = JRTestPassword;
			};
			name = Release;
		};
/* End XCBuildConfiguration section */

/* Begin XCConfigurationList section */
		372F8E0B21CB873900414221 /* Build configuration list for PBXProject "JRTestPassword" */ = {
			isa = XCConfigurationList;
			buildConfigurations = (
				372F8E3A21CB873A00414221 /* Debug */,
				372F8E3B21CB873A00414221 /* Release */,
			);
			defaultConfigurationIsVisible = 0;
			defaultConfigurationName = Release;
		};
		372F8E3C21CB873A00414221 /* Build configuration list for PBXNativeTarget "JRTestPassword" */ = {
			isa = XCConfigurationList;
			buildConfigurations = (
				372F8E3D21CB873A00414221 /* Debug */,
				372F8E3E21CB873A00414221 /* Release */,
			);
			defaultConfigurationIsVisible = 0;
			defaultConfigurationName = Release;
		};
		372F8E3F21CB873A00414221 /* Build configuration list for PBXNativeTarget "JRTestPasswordTests" */ = {
			isa = XCConfigurationList;
			buildConfigurations = (
				372F8E4021CB873A00414221 /* Debug */,
				372F8E4121CB873A00414221 /* Release */,
			);
			defaultConfigurationIsVisible = 0;
			defaultConfigurationName = Release;
		};
		372F8E4221CB873A00414221 /* Build configuration list for PBXNativeTarget "JRTestPasswordUITests" */ = {
			isa = XCConfigurationList;
			buildConfigurations = (
				372F8E4321CB873A00414221 /* Debug */,
				372F8E4421CB873A00414221 /* Release */,
			);
			defaultConfigurationIsVisible = 0;
			defaultConfigurationName = Release;
		};
/* End XCConfigurationList section */
	};
	rootObject = 372F8E0821CB873900414221 /* Project object */;
}
